
Microsoft Visual Studio Solution File, Format Version 12.00
# Visual Studio Version 17
VisualStudioVersion = 17.7.34202.233
MinimumVisualStudioVersion = 10.0.40219.1
Project("{FAE04EC0-301F-11D3-BF4B-00C04F79EFBC}") = "PBOOO", "PBOOO\PBOOO.csproj", "{ACFBCDFE-0190-4806-9A3D-FCB5539212AB}"
EndProject
Global
	GlobalSection(SolutionConfigurationPlatforms) = preSolution
		Debug|Any CPU = Debug|Any CPU
		Release|Any CPU = Release|Any CPU
	EndGlobalSection
	GlobalSection(ProjectConfigurationPlatforms) = postSolution
		{ACFBCDFE-0190-4806-9A3D-FCB5539212AB}.Debug|Any CPU.ActiveCfg = Debug|Any CPU
		{ACFBCDFE-0190-4806-9A3D-FCB5539212AB}.Debug|Any CPU.Build.0 = Debug|Any CPU
		{ACFBCDFE-0190-4806-9A3D-FCB5539212AB}.Release|Any CPU.ActiveCfg = Release|Any CPU
		{ACFBCDFE-0190-4806-9A3D-FCB5539212AB}.Release|Any CPU.Build.0 = Release|Any CPU
	EndGlobalSection
	GlobalSection(SolutionProperties) = preSolution
		HideSolutionNode = FALSE
	EndGlobalSection
	GlobalSection(ExtensibilityGlobals) = postSolution
		SolutionGuid = {A6FF13A3-EAB1-432F-B4E9-01E1E7970A75}
	EndGlobalSection
EndGlobal
