
Microsoft Visual Studio Solution File, Format Version 12.00
# Visual Studio Version 17
VisualStudioVersion = 17.7.34018.315
MinimumVisualStudioVersion = 10.0.40219.1
Project("{FAE04EC0-301F-11D3-BF4B-00C04F79EFBC}") = "gajelas", "gajelas\gajelas.csproj", "{FAEB6D75-0026-4142-8771-6C6CF465111B}"
EndProject
Global
	GlobalSection(SolutionConfigurationPlatforms) = preSolution
		Debug|Any CPU = Debug|Any CPU
		Release|Any CPU = Release|Any CPU
	EndGlobalSection
	GlobalSection(ProjectConfigurationPlatforms) = postSolution
		{FAEB6D75-0026-4142-8771-6C6CF465111B}.Debug|Any CPU.ActiveCfg = Debug|Any CPU
		{FAEB6D75-0026-4142-8771-6C6CF465111B}.Debug|Any CPU.Build.0 = Debug|Any CPU
		{FAEB6D75-0026-4142-8771-6C6CF465111B}.Release|Any CPU.ActiveCfg = Release|Any CPU
		{FAEB6D75-0026-4142-8771-6C6CF465111B}.Release|Any CPU.Build.0 = Release|Any CPU
	EndGlobalSection
	GlobalSection(SolutionProperties) = preSolution
		HideSolutionNode = FALSE
	EndGlobalSection
	GlobalSection(ExtensibilityGlobals) = postSolution
		SolutionGuid = {310FF349-1EF1-4B94-8564-0237423530B0}
	EndGlobalSection
EndGlobal
